// !$*UTF8*$!
{
	archiveVersion = 1;
	classes = {
	};
	objectVersion = 55;
	objects = {

/* Begin PBXBuildFile section */
		C72719CF28478D9500A08A88 /* DemoView.swift in Sources */ = {isa = PBXBuildFile; fileRef = C72719CE28478D9500A08A88 /* DemoView.swift */; };
		C72719D128489EB400A08A88 /* Base.swift in Sources */ = {isa = PBXBuildFile; fileRef = C72719D028489EB400A08A88 /* Base.swift */; };
		C72BFF4B28426D0300974067 /* PromiseKit in Frameworks */ = {isa = PBXBuildFile; productRef = C72BFF4A28426D0300974067 /* PromiseKit */; };
		C72BFF4F284284A600974067 /* CodableObjects.swift in Sources */ = {isa = PBXBuildFile; fileRef = C72BFF4E284284A600974067 /* CodableObjects.swift */; };
		C72BFF522843292E00974067 /* channel.swift in Sources */ = {isa = PBXBuildFile; fileRef = C72BFF512843292E00974067 /* channel.swift */; };
		C72BFF542843299400974067 /* Log.swift in Sources */ = {isa = PBXBuildFile; fileRef = C72BFF532843299400974067 /* Log.swift */; };
		C73CD2D7283A773C00FC0BD8 /* Alamofire in Frameworks */ = {isa = PBXBuildFile; productRef = C73CD2D6283A773C00FC0BD8 /* Alamofire */; };
		C73CD2D9283A780300FC0BD8 /* RankVM.swift in Sources */ = {isa = PBXBuildFile; fileRef = C73CD2D8283A780300FC0BD8 /* RankVM.swift */; };
		C73CD2DB283A788F00FC0BD8 /* RankView.swift in Sources */ = {isa = PBXBuildFile; fileRef = C73CD2DA283A788F00FC0BD8 /* RankView.swift */; };
		C73CD2DE283B333200FC0BD8 /* wyapi.swift in Sources */ = {isa = PBXBuildFile; fileRef = C73CD2DD283B333200FC0BD8 /* wyapi.swift */; };
		C73CD2E0283B33F600FC0BD8 /* kgapi.swift in Sources */ = {isa = PBXBuildFile; fileRef = C73CD2DF283B33F600FC0BD8 /* kgapi.swift */; };
		C73CD2E3283B7E0C00FC0BD8 /* Header.swift in Sources */ = {isa = PBXBuildFile; fileRef = C73CD2E2283B7E0C00FC0BD8 /* Header.swift */; };
		C740D76B2840DD4300B03264 /* SideNav.swift in Sources */ = {isa = PBXBuildFile; fileRef = C740D76A2840DD4300B03264 /* SideNav.swift */; };
		C740D76E2841286D00B03264 /* ControlBarView.swift in Sources */ = {isa = PBXBuildFile; fileRef = C740D76D2841286D00B03264 /* ControlBarView.swift */; };
		C740D7702841320900B03264 /* ControlBarVM.swift in Sources */ = {isa = PBXBuildFile; fileRef = C740D76F2841320900B03264 /* ControlBarVM.swift */; };
		C745459928392F39001A638D /* iMusicApp.swift in Sources */ = {isa = PBXBuildFile; fileRef = C745459828392F39001A638D /* iMusicApp.swift */; };
		C745459D28392F3D001A638D /* Assets.xcassets in Resources */ = {isa = PBXBuildFile; fileRef = C745459C28392F3D001A638D /* Assets.xcassets */; };
		C74545A028392F3D001A638D /* Preview Assets.xcassets in Resources */ = {isa = PBXBuildFile; fileRef = C745459F28392F3D001A638D /* Preview Assets.xcassets */; };
		C74545B0283930D6001A638D /* HomeView.swift in Sources */ = {isa = PBXBuildFile; fileRef = C74545AF283930D6001A638D /* HomeView.swift */; };
		C74545B32839E1E1001A638D /* Color.swift in Sources */ = {isa = PBXBuildFile; fileRef = C74545B22839E1E1001A638D /* Color.swift */; };
		C7492EC828531EAD004501D0 /* SDWebImage in Frameworks */ = {isa = PBXBuildFile; productRef = C7492EC728531EAD004501D0 /* SDWebImage */; };
		C7492ECA2853586C004501D0 /* ImageLoader.swift in Sources */ = {isa = PBXBuildFile; fileRef = C7492EC92853586C004501D0 /* ImageLoader.swift */; };
		C7492ECC28535D88004501D0 /* String.swift in Sources */ = {isa = PBXBuildFile; fileRef = C7492ECB28535D88004501D0 /* String.swift */; };
		C7492ECE28539E1D004501D0 /* SidePlayListView.swift in Sources */ = {isa = PBXBuildFile; fileRef = C7492ECD28539E1D004501D0 /* SidePlayListView.swift */; };
		C7492ED028542C02004501D0 /* Popover.swift in Sources */ = {isa = PBXBuildFile; fileRef = C7492ECF28542C02004501D0 /* Popover.swift */; };
		C7727DEC28544DF700ECB495 /* Tabler in Frameworks */ = {isa = PBXBuildFile; productRef = C7727DEB28544DF700ECB495 /* Tabler */; };
		C7727DEE2854832000ECB495 /* SidePlayListVM.swift in Sources */ = {isa = PBXBuildFile; fileRef = C7727DED2854832000ECB495 /* SidePlayListVM.swift */; };
		C7727DF02854C0AD00ECB495 /* View.swift in Sources */ = {isa = PBXBuildFile; fileRef = C7727DEF2854C0AD00ECB495 /* View.swift */; };
		C7727DF22854D6BF00ECB495 /* Preferences.swift in Sources */ = {isa = PBXBuildFile; fileRef = C7727DF12854D6BF00ECB495 /* Preferences.swift */; };
		C7727DFD28559FF500ECB495 /* GoTests.swift in Sources */ = {isa = PBXBuildFile; fileRef = C7727DFC28559FF500ECB495 /* GoTests.swift */; };
		C7727E052855D0E900ECB495 /* Settings.swift in Sources */ = {isa = PBXBuildFile; fileRef = C7727E042855D0E900ECB495 /* Settings.swift */; };
		C7727E072855D15600ECB495 /* Commands.swift in Sources */ = {isa = PBXBuildFile; fileRef = C7727E062855D15600ECB495 /* Commands.swift */; };
		C7727E0928562D4B00ECB495 /* StackNavigation.swift in Sources */ = {isa = PBXBuildFile; fileRef = C7727E0828562D4B00ECB495 /* StackNavigation.swift */; };
		C7727E0C28562D8B00ECB495 /* CurrrentView.swift in Sources */ = {isa = PBXBuildFile; fileRef = C7727E0B28562D8B00ECB495 /* CurrrentView.swift */; };
		C7727E0E28562D9D00ECB495 /* Environment.swift in Sources */ = {isa = PBXBuildFile; fileRef = C7727E0D28562D9D00ECB495 /* Environment.swift */; };
		C7727E1028562DCA00ECB495 /* Link.swift in Sources */ = {isa = PBXBuildFile; fileRef = C7727E0F28562DCA00ECB495 /* Link.swift */; };
		C7727E132856CDE900ECB495 /* SearchResultView.swift in Sources */ = {isa = PBXBuildFile; fileRef = C7727E122856CDE800ECB495 /* SearchResultView.swift */; };
		C7727E152856CFA000ECB495 /* SearchVM.swift in Sources */ = {isa = PBXBuildFile; fileRef = C7727E142856CFA000ECB495 /* SearchVM.swift */; };
		C7B826E92842517900222DF8 /* PlayCore.swift in Sources */ = {isa = PBXBuildFile; fileRef = C7B826E82842517900222DF8 /* PlayCore.swift */; };
		C7D0B59A284F23E40040DFB7 /* StackNavigationView in Frameworks */ = {isa = PBXBuildFile; productRef = C7D0B599284F23E40040DFB7 /* StackNavigationView */; };
		C7D0B5A9284F48FC0040DFB7 /* PlayListTableView.swift in Sources */ = {isa = PBXBuildFile; fileRef = C7D0B5A8284F48FC0040DFB7 /* PlayListTableView.swift */; };
		C7D0B5AB2850D4020040DFB7 /* PlayCoreMediaKeysExtension.swift in Sources */ = {isa = PBXBuildFile; fileRef = C7D0B5AA2850D4020040DFB7 /* PlayCoreMediaKeysExtension.swift */; };
		C7D0B5B12850D7BE0040DFB7 /* GSPlayer in Frameworks */ = {isa = PBXBuildFile; productRef = C7D0B5B02850D7BE0040DFB7 /* GSPlayer */; };
		C7D1C6C728432A3200A0C01C /* CocoaLumberjack in Frameworks */ = {isa = PBXBuildFile; productRef = C7D1C6C628432A3200A0C01C /* CocoaLumberjack */; };
		C7D1C6C928432A3200A0C01C /* CocoaLumberjackSwift in Frameworks */ = {isa = PBXBuildFile; productRef = C7D1C6C828432A3200A0C01C /* CocoaLumberjackSwift */; };
		C7D1C6CF28432E1800A0C01C /* ModelData.swift in Sources */ = {isa = PBXBuildFile; fileRef = C7D1C6CE28432E1800A0C01C /* ModelData.swift */; };
		C7D1C6D92843447600A0C01C /* MusicPlatform.swift in Sources */ = {isa = PBXBuildFile; fileRef = C7D1C6D82843447600A0C01C /* MusicPlatform.swift */; };
		C7D1C6DF284373B800A0C01C /* CryptoSwift in Frameworks */ = {isa = PBXBuildFile; productRef = C7D1C6DE284373B800A0C01C /* CryptoSwift */; };
		C7D1C6E2284374B100A0C01C /* Sparkle in Frameworks */ = {isa = PBXBuildFile; productRef = C7D1C6E1284374B100A0C01C /* Sparkle */; };
		C7D1C6E62843949B00A0C01C /* player.json in Resources */ = {isa = PBXBuildFile; fileRef = C7D1C6E52843949B00A0C01C /* player.json */; };
		C7D1C6E92843B7EB00A0C01C /* PlayListView.swift in Sources */ = {isa = PBXBuildFile; fileRef = C7D1C6E82843B7EB00A0C01C /* PlayListView.swift */; };
		C7D1C6EB2843B9E800A0C01C /* PlayListVM.swift in Sources */ = {isa = PBXBuildFile; fileRef = C7D1C6EA2843B9E800A0C01C /* PlayListVM.swift */; };
		C7D1C6EE2843D11D00A0C01C /* Sequence.swift in Sources */ = {isa = PBXBuildFile; fileRef = C7D1C6ED2843D11D00A0C01C /* Sequence.swift */; };
/* End PBXBuildFile section */

/* Begin PBXContainerItemProxy section */
		C7727DFE28559FF500ECB495 /* PBXContainerItemProxy */ = {
			isa = PBXContainerItemProxy;
			containerPortal = C745458D28392F39001A638D /* Project object */;
			proxyType = 1;
			remoteGlobalIDString = C745459428392F39001A638D;
			remoteInfo = iMusic;
		};
/* End PBXContainerItemProxy section */

/* Begin PBXFileReference section */
		C72719CE28478D9500A08A88 /* DemoView.swift */ = {isa = PBXFileReference; lastKnownFileType = sourcecode.swift; path = DemoView.swift; sourceTree = "<group>"; };
		C72719D028489EB400A08A88 /* Base.swift */ = {isa = PBXFileReference; lastKnownFileType = sourcecode.swift; path = Base.swift; sourceTree = "<group>"; };
		C72BFF4E284284A600974067 /* CodableObjects.swift */ = {isa = PBXFileReference; lastKnownFileType = sourcecode.swift; path = CodableObjects.swift; sourceTree = "<group>"; };
		C72BFF512843292E00974067 /* channel.swift */ = {isa = PBXFileReference; lastKnownFileType = sourcecode.swift; path = channel.swift; sourceTree = "<group>"; };
		C72BFF532843299400974067 /* Log.swift */ = {isa = PBXFileReference; lastKnownFileType = sourcecode.swift; path = Log.swift; sourceTree = "<group>"; };
		C73CD2D8283A780300FC0BD8 /* RankVM.swift */ = {isa = PBXFileReference; lastKnownFileType = sourcecode.swift; path = RankVM.swift; sourceTree = "<group>"; };
		C73CD2DA283A788F00FC0BD8 /* RankView.swift */ = {isa = PBXFileReference; lastKnownFileType = sourcecode.swift; path = RankView.swift; sourceTree = "<group>"; };
		C73CD2DC283A95E300FC0BD8 /* Info.plist */ = {isa = PBXFileReference; lastKnownFileType = text.plist; path = Info.plist; sourceTree = "<group>"; };
		C73CD2DD283B333200FC0BD8 /* wyapi.swift */ = {isa = PBXFileReference; lastKnownFileType = sourcecode.swift; path = wyapi.swift; sourceTree = "<group>"; };
		C73CD2DF283B33F600FC0BD8 /* kgapi.swift */ = {isa = PBXFileReference; lastKnownFileType = sourcecode.swift; path = kgapi.swift; sourceTree = "<group>"; };
		C73CD2E2283B7E0C00FC0BD8 /* Header.swift */ = {isa = PBXFileReference; lastKnownFileType = sourcecode.swift; path = Header.swift; sourceTree = "<group>"; };
		C73CD2E9283B89E400FC0BD8 /* recommend.json */ = {isa = PBXFileReference; lastKnownFileType = text.json; path = recommend.json; sourceTree = "<group>"; };
		C740D76A2840DD4300B03264 /* SideNav.swift */ = {isa = PBXFileReference; lastKnownFileType = sourcecode.swift; path = SideNav.swift; sourceTree = "<group>"; };
		C740D76D2841286D00B03264 /* ControlBarView.swift */ = {isa = PBXFileReference; lastKnownFileType = sourcecode.swift; path = ControlBarView.swift; sourceTree = "<group>"; };
		C740D76F2841320900B03264 /* ControlBarVM.swift */ = {isa = PBXFileReference; lastKnownFileType = sourcecode.swift; path = ControlBarVM.swift; sourceTree = "<group>"; };
		C745459528392F39001A638D /* iMusic.app */ = {isa = PBXFileReference; explicitFileType = wrapper.application; includeInIndex = 0; path = iMusic.app; sourceTree = BUILT_PRODUCTS_DIR; };
		C745459828392F39001A638D /* iMusicApp.swift */ = {isa = PBXFileReference; lastKnownFileType = sourcecode.swift; path = iMusicApp.swift; sourceTree = "<group>"; };
		C745459C28392F3D001A638D /* Assets.xcassets */ = {isa = PBXFileReference; lastKnownFileType = folder.assetcatalog; path = Assets.xcassets; sourceTree = "<group>"; };
		C745459F28392F3D001A638D /* Preview Assets.xcassets */ = {isa = PBXFileReference; lastKnownFileType = folder.assetcatalog; path = "Preview Assets.xcassets"; sourceTree = "<group>"; };
		C74545A428392F3D001A638D /* iMusic.xcdatamodel */ = {isa = PBXFileReference; lastKnownFileType = wrapper.xcdatamodel; path = iMusic.xcdatamodel; sourceTree = "<group>"; };
		C74545A628392F3D001A638D /* iMusic.entitlements */ = {isa = PBXFileReference; lastKnownFileType = text.plist.entitlements; path = iMusic.entitlements; sourceTree = "<group>"; };
		C74545AF283930D6001A638D /* HomeView.swift */ = {isa = PBXFileReference; lastKnownFileType = sourcecode.swift; path = HomeView.swift; sourceTree = "<group>"; };
		C74545B22839E1E1001A638D /* Color.swift */ = {isa = PBXFileReference; lastKnownFileType = sourcecode.swift; path = Color.swift; sourceTree = "<group>"; };
		C7492EC92853586C004501D0 /* ImageLoader.swift */ = {isa = PBXFileReference; lastKnownFileType = sourcecode.swift; path = ImageLoader.swift; sourceTree = "<group>"; };
		C7492ECB28535D88004501D0 /* String.swift */ = {isa = PBXFileReference; lastKnownFileType = sourcecode.swift; path = String.swift; sourceTree = "<group>"; };
		C7492ECD28539E1D004501D0 /* SidePlayListView.swift */ = {isa = PBXFileReference; lastKnownFileType = sourcecode.swift; path = SidePlayListView.swift; sourceTree = "<group>"; };
		C7492ECF28542C02004501D0 /* Popover.swift */ = {isa = PBXFileReference; lastKnownFileType = sourcecode.swift; path = Popover.swift; sourceTree = "<group>"; };
		C7727DED2854832000ECB495 /* SidePlayListVM.swift */ = {isa = PBXFileReference; lastKnownFileType = sourcecode.swift; path = SidePlayListVM.swift; sourceTree = "<group>"; };
		C7727DEF2854C0AD00ECB495 /* View.swift */ = {isa = PBXFileReference; lastKnownFileType = sourcecode.swift; path = View.swift; sourceTree = "<group>"; };
		C7727DF12854D6BF00ECB495 /* Preferences.swift */ = {isa = PBXFileReference; lastKnownFileType = sourcecode.swift; path = Preferences.swift; sourceTree = "<group>"; };
		C7727DFA28559FF500ECB495 /* GoTests.xctest */ = {isa = PBXFileReference; explicitFileType = wrapper.cfbundle; includeInIndex = 0; path = GoTests.xctest; sourceTree = BUILT_PRODUCTS_DIR; };
		C7727DFC28559FF500ECB495 /* GoTests.swift */ = {isa = PBXFileReference; lastKnownFileType = sourcecode.swift; path = GoTests.swift; sourceTree = "<group>"; };
		C7727E042855D0E900ECB495 /* Settings.swift */ = {isa = PBXFileReference; lastKnownFileType = sourcecode.swift; path = Settings.swift; sourceTree = "<group>"; };
		C7727E062855D15600ECB495 /* Commands.swift */ = {isa = PBXFileReference; lastKnownFileType = sourcecode.swift; path = Commands.swift; sourceTree = "<group>"; };
		C7727E0828562D4B00ECB495 /* StackNavigation.swift */ = {isa = PBXFileReference; lastKnownFileType = sourcecode.swift; path = StackNavigation.swift; sourceTree = "<group>"; };
		C7727E0B28562D8B00ECB495 /* CurrrentView.swift */ = {isa = PBXFileReference; lastKnownFileType = sourcecode.swift; path = CurrrentView.swift; sourceTree = "<group>"; };
		C7727E0D28562D9D00ECB495 /* Environment.swift */ = {isa = PBXFileReference; lastKnownFileType = sourcecode.swift; path = Environment.swift; sourceTree = "<group>"; };
		C7727E0F28562DCA00ECB495 /* Link.swift */ = {isa = PBXFileReference; lastKnownFileType = sourcecode.swift; path = Link.swift; sourceTree = "<group>"; };
		C7727E122856CDE800ECB495 /* SearchResultView.swift */ = {isa = PBXFileReference; lastKnownFileType = sourcecode.swift; path = SearchResultView.swift; sourceTree = "<group>"; };
		C7727E142856CFA000ECB495 /* SearchVM.swift */ = {isa = PBXFileReference; lastKnownFileType = sourcecode.swift; path = SearchVM.swift; sourceTree = "<group>"; };
		C7B826E82842517900222DF8 /* PlayCore.swift */ = {isa = PBXFileReference; lastKnownFileType = sourcecode.swift; path = PlayCore.swift; sourceTree = "<group>"; };
		C7D0B5A8284F48FC0040DFB7 /* PlayListTableView.swift */ = {isa = PBXFileReference; lastKnownFileType = sourcecode.swift; path = PlayListTableView.swift; sourceTree = "<group>"; };
		C7D0B5AA2850D4020040DFB7 /* PlayCoreMediaKeysExtension.swift */ = {isa = PBXFileReference; lastKnownFileType = sourcecode.swift; path = PlayCoreMediaKeysExtension.swift; sourceTree = "<group>"; };
		C7D1C6CE28432E1800A0C01C /* ModelData.swift */ = {isa = PBXFileReference; lastKnownFileType = sourcecode.swift; path = ModelData.swift; sourceTree = "<group>"; };
		C7D1C6D02843411D00A0C01C /* recommend.json */ = {isa = PBXFileReference; lastKnownFileType = text.json; path = recommend.json; sourceTree = "<group>"; };
		C7D1C6D32843423D00A0C01C /* playlist.json */ = {isa = PBXFileReference; lastKnownFileType = text.json; path = playlist.json; sourceTree = "<group>"; };
		C7D1C6D5284342A200A0C01C /* song.json */ = {isa = PBXFileReference; lastKnownFileType = text.json; path = song.json; sourceTree = "<group>"; };
		C7D1C6D82843447600A0C01C /* MusicPlatform.swift */ = {isa = PBXFileReference; lastKnownFileType = sourcecode.swift; path = MusicPlatform.swift; sourceTree = "<group>"; };
		C7D1C6E52843949B00A0C01C /* player.json */ = {isa = PBXFileReference; lastKnownFileType = text.json; path = player.json; sourceTree = "<group>"; };
		C7D1C6E82843B7EB00A0C01C /* PlayListView.swift */ = {isa = PBXFileReference; lastKnownFileType = sourcecode.swift; path = PlayListView.swift; sourceTree = "<group>"; };
		C7D1C6EA2843B9E800A0C01C /* PlayListVM.swift */ = {isa = PBXFileReference; lastKnownFileType = sourcecode.swift; path = PlayListVM.swift; sourceTree = "<group>"; };
		C7D1C6ED2843D11D00A0C01C /* Sequence.swift */ = {isa = PBXFileReference; lastKnownFileType = sourcecode.swift; path = Sequence.swift; sourceTree = "<group>"; };
		C7D1C6EF2844F2ED00A0C01C /* toplist.json */ = {isa = PBXFileReference; lastKnownFileType = text.json; path = toplist.json; sourceTree = "<group>"; };
/* End PBXFileReference section */

/* Begin PBXFrameworksBuildPhase section */
		C745459228392F39001A638D /* Frameworks */ = {
			isa = PBXFrameworksBuildPhase;
			buildActionMask = 2147483647;
			files = (
				C7727DEC28544DF700ECB495 /* Tabler in Frameworks */,
				C7D0B59A284F23E40040DFB7 /* StackNavigationView in Frameworks */,
				C7D1C6C728432A3200A0C01C /* CocoaLumberjack in Frameworks */,
				C73CD2D7283A773C00FC0BD8 /* Alamofire in Frameworks */,
				C7492EC828531EAD004501D0 /* SDWebImage in Frameworks */,
				C7D1C6C928432A3200A0C01C /* CocoaLumberjackSwift in Frameworks */,
				C7D1C6E2284374B100A0C01C /* Sparkle in Frameworks */,
				C7D1C6DF284373B800A0C01C /* CryptoSwift in Frameworks */,
				C7D0B5B12850D7BE0040DFB7 /* GSPlayer in Frameworks */,
				C72BFF4B28426D0300974067 /* PromiseKit in Frameworks */,
			);
			runOnlyForDeploymentPostprocessing = 0;
		};
		C7727DF728559FF500ECB495 /* Frameworks */ = {
			isa = PBXFrameworksBuildPhase;
			buildActionMask = 2147483647;
			files = (
			);
			runOnlyForDeploymentPostprocessing = 0;
		};
/* End PBXFrameworksBuildPhase section */

/* Begin PBXGroup section */
		C72BFF502843291500974067 /* wangyi */ = {
			isa = PBXGroup;
			children = (
				C73CD2DD283B333200FC0BD8 /* wyapi.swift */,
				C72BFF512843292E00974067 /* channel.swift */,
			);
			path = wangyi;
			sourceTree = "<group>";
		};
		C73CD2E1283B3B1600FC0BD8 /* Model */ = {
			isa = PBXGroup;
			children = (
				C7D1C6D72843437800A0C01C /* kugou */,
				C72BFF502843291500974067 /* wangyi */,
				C7D1C6CE28432E1800A0C01C /* ModelData.swift */,
				C7D1C6D82843447600A0C01C /* MusicPlatform.swift */,
				C72BFF4E284284A600974067 /* CodableObjects.swift */,
			);
			path = Model;
			sourceTree = "<group>";
		};
		C73CD2E4283B7E1100FC0BD8 /* Component */ = {
			isa = PBXGroup;
			children = (
				C7727E0A28562D5400ECB495 /* StackNavigation */,
				C73CD2E2283B7E0C00FC0BD8 /* Header.swift */,
				C7492ECF28542C02004501D0 /* Popover.swift */,
			);
			path = Component;
			sourceTree = "<group>";
		};
		C740D7692840DD1400B03264 /* SideNav */ = {
			isa = PBXGroup;
			children = (
				C740D76A2840DD4300B03264 /* SideNav.swift */,
			);
			path = SideNav;
			sourceTree = "<group>";
		};
		C740D76C2841284F00B03264 /* ControlBar */ = {
			isa = PBXGroup;
			children = (
				C740D76D2841286D00B03264 /* ControlBarView.swift */,
				C740D76F2841320900B03264 /* ControlBarVM.swift */,
			);
			path = ControlBar;
			sourceTree = "<group>";
		};
		C740D7712841CC4F00B03264 /* Lib */ = {
			isa = PBXGroup;
			children = (
				C7B826E82842517900222DF8 /* PlayCore.swift */,
				C72BFF532843299400974067 /* Log.swift */,
				C7D0B5AA2850D4020040DFB7 /* PlayCoreMediaKeysExtension.swift */,
				C7492EC92853586C004501D0 /* ImageLoader.swift */,
				C7727DEF2854C0AD00ECB495 /* View.swift */,
				C7727DF12854D6BF00ECB495 /* Preferences.swift */,
			);
			path = Lib;
			sourceTree = "<group>";
		};
		C745458C28392F39001A638D = {
			isa = PBXGroup;
			children = (
				C79B2D632841D84500884423 /* Packages */,
				C745459728392F39001A638D /* iMusic */,
				C7727DFB28559FF500ECB495 /* Tests */,
				C745459628392F39001A638D /* Products */,
				C7B826D028424D2800222DF8 /* Frameworks */,
			);
			sourceTree = "<group>";
		};
		C745459628392F39001A638D /* Products */ = {
			isa = PBXGroup;
			children = (
				C745459528392F39001A638D /* iMusic.app */,
				C7727DFA28559FF500ECB495 /* GoTests.xctest */,
			);
			name = Products;
			sourceTree = "<group>";
		};
		C745459728392F39001A638D /* iMusic */ = {
			isa = PBXGroup;
			children = (
				C7D1C6CA28432D8F00A0C01C /* Resources */,
				C740D7712841CC4F00B03264 /* Lib */,
				C73CD2DC283A95E300FC0BD8 /* Info.plist */,
				C74545B12839E1CE001A638D /* Extension */,
				C74545AE28393021001A638D /* ViewModel */,
				C73CD2E1283B3B1600FC0BD8 /* Model */,
				C74545AC28393011001A638D /* View */,
				C745459828392F39001A638D /* iMusicApp.swift */,
				C745459C28392F3D001A638D /* Assets.xcassets */,
				C74545A628392F3D001A638D /* iMusic.entitlements */,
				C74545A328392F3D001A638D /* iMusic.xcdatamodeld */,
				C745459E28392F3D001A638D /* Preview Content */,
			);
			path = iMusic;
			sourceTree = "<group>";
		};
		C745459E28392F3D001A638D /* Preview Content */ = {
			isa = PBXGroup;
			children = (
				C745459F28392F3D001A638D /* Preview Assets.xcassets */,
			);
			path = "Preview Content";
			sourceTree = "<group>";
		};
		C74545AC28393011001A638D /* View */ = {
			isa = PBXGroup;
			children = (
				C7727E112856CDC800ECB495 /* Search */,
				C7D1C6EC2843BBA700A0C01C /* Rank */,
				C7D1C6E72843B7D900A0C01C /* PlayList */,
				C740D76C2841284F00B03264 /* ControlBar */,
				C740D7692840DD1400B03264 /* SideNav */,
				C73CD2E4283B7E1100FC0BD8 /* Component */,
				C74545AF283930D6001A638D /* HomeView.swift */,
				C72719CE28478D9500A08A88 /* DemoView.swift */,
				C7727E042855D0E900ECB495 /* Settings.swift */,
				C7727E062855D15600ECB495 /* Commands.swift */,
			);
			path = View;
			sourceTree = "<group>";
		};
		C74545AE28393021001A638D /* ViewModel */ = {
			isa = PBXGroup;
			children = (
			);
			path = ViewModel;
			sourceTree = "<group>";
		};
		C74545B12839E1CE001A638D /* Extension */ = {
			isa = PBXGroup;
			children = (
				C74545B22839E1E1001A638D /* Color.swift */,
				C7D1C6ED2843D11D00A0C01C /* Sequence.swift */,
				C72719D028489EB400A08A88 /* Base.swift */,
				C7492ECB28535D88004501D0 /* String.swift */,
			);
			path = Extension;
			sourceTree = "<group>";
		};
		C7727DFB28559FF500ECB495 /* Tests */ = {
			isa = PBXGroup;
			children = (
				C7727DFC28559FF500ECB495 /* GoTests.swift */,
			);
			path = Tests;
			sourceTree = "<group>";
		};
		C7727E0A28562D5400ECB495 /* StackNavigation */ = {
			isa = PBXGroup;
			children = (
				C7727E0828562D4B00ECB495 /* StackNavigation.swift */,
				C7727E0B28562D8B00ECB495 /* CurrrentView.swift */,
				C7727E0D28562D9D00ECB495 /* Environment.swift */,
				C7727E0F28562DCA00ECB495 /* Link.swift */,
			);
			path = StackNavigation;
			sourceTree = "<group>";
		};
		C7727E112856CDC800ECB495 /* Search */ = {
			isa = PBXGroup;
			children = (
				C7727E122856CDE800ECB495 /* SearchResultView.swift */,
				C7727E142856CFA000ECB495 /* SearchVM.swift */,
			);
			path = Search;
			sourceTree = "<group>";
		};
		C79B2D632841D84500884423 /* Packages */ = {
			isa = PBXGroup;
			children = (
			);
			name = Packages;
			sourceTree = "<group>";
		};
		C7B826D028424D2800222DF8 /* Frameworks */ = {
			isa = PBXGroup;
			children = (
			);
			name = Frameworks;
			sourceTree = "<group>";
		};
		C7D1C6CA28432D8F00A0C01C /* Resources */ = {
			isa = PBXGroup;
			children = (
				C7D1C6DA28436D1A00A0C01C /* kugou */,
				C7D1C6D22843422200A0C01C /* wangyi */,
			);
			path = Resources;
			sourceTree = "<group>";
		};
		C7D1C6D22843422200A0C01C /* wangyi */ = {
			isa = PBXGroup;
			children = (
				C7D1C6D02843411D00A0C01C /* recommend.json */,
				C7D1C6D32843423D00A0C01C /* playlist.json */,
				C7D1C6D5284342A200A0C01C /* song.json */,
				C7D1C6E52843949B00A0C01C /* player.json */,
				C7D1C6EF2844F2ED00A0C01C /* toplist.json */,
			);
			path = wangyi;
			sourceTree = "<group>";
		};
		C7D1C6D72843437800A0C01C /* kugou */ = {
			isa = PBXGroup;
			children = (
				C73CD2DF283B33F600FC0BD8 /* kgapi.swift */,
			);
			path = kugou;
			sourceTree = "<group>";
		};
		C7D1C6DA28436D1A00A0C01C /* kugou */ = {
			isa = PBXGroup;
			children = (
				C73CD2E9283B89E400FC0BD8 /* recommend.json */,
			);
			path = kugou;
			sourceTree = "<group>";
		};
		C7D1C6E72843B7D900A0C01C /* PlayList */ = {
			isa = PBXGroup;
			children = (
				C7D1C6E82843B7EB00A0C01C /* PlayListView.swift */,
				C7D1C6EA2843B9E800A0C01C /* PlayListVM.swift */,
				C7D0B5A8284F48FC0040DFB7 /* PlayListTableView.swift */,
				C7492ECD28539E1D004501D0 /* SidePlayListView.swift */,
				C7727DED2854832000ECB495 /* SidePlayListVM.swift */,
			);
			path = PlayList;
			sourceTree = "<group>";
		};
		C7D1C6EC2843BBA700A0C01C /* Rank */ = {
			isa = PBXGroup;
			children = (
				C73CD2D8283A780300FC0BD8 /* RankVM.swift */,
				C73CD2DA283A788F00FC0BD8 /* RankView.swift */,
			);
			path = Rank;
			sourceTree = "<group>";
		};
/* End PBXGroup section */

/* Begin PBXNativeTarget section */
		C745459428392F39001A638D /* iMusic */ = {
			isa = PBXNativeTarget;
			buildConfigurationList = C74545A928392F3D001A638D /* Build configuration list for PBXNativeTarget "iMusic" */;
			buildPhases = (
				C745459128392F39001A638D /* Sources */,
				C745459228392F39001A638D /* Frameworks */,
				C745459328392F39001A638D /* Resources */,
			);
			buildRules = (
			);
			dependencies = (
			);
			name = iMusic;
			packageProductDependencies = (
				C73CD2D6283A773C00FC0BD8 /* Alamofire */,
				C72BFF4A28426D0300974067 /* PromiseKit */,
				C7D1C6C628432A3200A0C01C /* CocoaLumberjack */,
				C7D1C6C828432A3200A0C01C /* CocoaLumberjackSwift */,
				C7D1C6DE284373B800A0C01C /* CryptoSwift */,
				C7D1C6E1284374B100A0C01C /* Sparkle */,
				C7D0B599284F23E40040DFB7 /* StackNavigationView */,
				C7D0B5B02850D7BE0040DFB7 /* GSPlayer */,
				C7492EC728531EAD004501D0 /* SDWebImage */,
				C7727DEB28544DF700ECB495 /* Tabler */,
			);
			productName = iMusic;
			productReference = C745459528392F39001A638D /* iMusic.app */;
			productType = "com.apple.product-type.application";
		};
		C7727DF928559FF500ECB495 /* GoTests */ = {
			isa = PBXNativeTarget;
			buildConfigurationList = C7727E0028559FF500ECB495 /* Build configuration list for PBXNativeTarget "GoTests" */;
			buildPhases = (
				C7727DF628559FF500ECB495 /* Sources */,
				C7727DF728559FF500ECB495 /* Frameworks */,
				C7727DF828559FF500ECB495 /* Resources */,
			);
			buildRules = (
			);
			dependencies = (
				C7727DFF28559FF500ECB495 /* PBXTargetDependency */,
			);
			name = GoTests;
			productName = GoTests;
			productReference = C7727DFA28559FF500ECB495 /* GoTests.xctest */;
			productType = "com.apple.product-type.bundle.unit-test";
		};
/* End PBXNativeTarget section */

/* Begin PBXProject section */
		C745458D28392F39001A638D /* Project object */ = {
			isa = PBXProject;
			attributes = {
				BuildIndependentTargetsInParallel = 1;
				LastSwiftUpdateCheck = 1330;
				LastUpgradeCheck = 1330;
				TargetAttributes = {
					C745459428392F39001A638D = {
						CreatedOnToolsVersion = 13.3;
					};
					C7727DF928559FF500ECB495 = {
						CreatedOnToolsVersion = 13.3;
						TestTargetID = C745459428392F39001A638D;
					};
				};
			};
			buildConfigurationList = C745459028392F39001A638D /* Build configuration list for PBXProject "iMusic" */;
			compatibilityVersion = "Xcode 13.0";
			developmentRegion = en;
			hasScannedForEncodings = 0;
			knownRegions = (
				en,
				Base,
			);
			mainGroup = C745458C28392F39001A638D;
			packageReferences = (
				C73CD2D5283A773C00FC0BD8 /* XCRemoteSwiftPackageReference "Alamofire" */,
				C72BFF4928426D0300974067 /* XCRemoteSwiftPackageReference "PromiseKit" */,
				C7D1C6C528432A3200A0C01C /* XCRemoteSwiftPackageReference "CocoaLumberjack" */,
				C7D1C6DD284373B800A0C01C /* XCRemoteSwiftPackageReference "CryptoSwift" */,
				C7D1C6E0284374B100A0C01C /* XCRemoteSwiftPackageReference "Sparkle" */,
				C7D0B598284F23E40040DFB7 /* XCRemoteSwiftPackageReference "StackNavigationView" */,
				C7D0B5AF2850D7BE0040DFB7 /* XCRemoteSwiftPackageReference "GSPlayer" */,
				C7492EC628531EAD004501D0 /* XCRemoteSwiftPackageReference "SDWebImage" */,
				C7727DEA28544DF700ECB495 /* XCRemoteSwiftPackageReference "SwiftTabler" */,
			);
			productRefGroup = C745459628392F39001A638D /* Products */;
			projectDirPath = "";
			projectRoot = "";
			targets = (
				C745459428392F39001A638D /* iMusic */,
				C7727DF928559FF500ECB495 /* GoTests */,
			);
		};
/* End PBXProject section */

/* Begin PBXResourcesBuildPhase section */
		C745459328392F39001A638D /* Resources */ = {
			isa = PBXResourcesBuildPhase;
			buildActionMask = 2147483647;
			files = (
				C7D1C6E62843949B00A0C01C /* player.json in Resources */,
				C74545A028392F3D001A638D /* Preview Assets.xcassets in Resources */,
				C745459D28392F3D001A638D /* Assets.xcassets in Resources */,
			);
			runOnlyForDeploymentPostprocessing = 0;
		};
		C7727DF828559FF500ECB495 /* Resources */ = {
			isa = PBXResourcesBuildPhase;
			buildActionMask = 2147483647;
			files = (
			);
			runOnlyForDeploymentPostprocessing = 0;
		};
/* End PBXResourcesBuildPhase section */

/* Begin PBXSourcesBuildPhase section */
		C745459128392F39001A638D /* Sources */ = {
			isa = PBXSourcesBuildPhase;
			buildActionMask = 2147483647;
			files = (
				C7D0B5A9284F48FC0040DFB7 /* PlayListTableView.swift in Sources */,
				C7D1C6EB2843B9E800A0C01C /* PlayListVM.swift in Sources */,
				C73CD2DB283A788F00FC0BD8 /* RankView.swift in Sources */,
				C7727E132856CDE900ECB495 /* SearchResultView.swift in Sources */,
				C7727E0C28562D8B00ECB495 /* CurrrentView.swift in Sources */,
				C7492ECC28535D88004501D0 /* String.swift in Sources */,
				C73CD2E0283B33F600FC0BD8 /* kgapi.swift in Sources */,
				C7D0B5AB2850D4020040DFB7 /* PlayCoreMediaKeysExtension.swift in Sources */,
				C7D1C6D92843447600A0C01C /* MusicPlatform.swift in Sources */,
				C7492ED028542C02004501D0 /* Popover.swift in Sources */,
				C72719CF28478D9500A08A88 /* DemoView.swift in Sources */,
				C72BFF542843299400974067 /* Log.swift in Sources */,
				C7727E0928562D4B00ECB495 /* StackNavigation.swift in Sources */,
				C740D7702841320900B03264 /* ControlBarVM.swift in Sources */,
				C7727E0E28562D9D00ECB495 /* Environment.swift in Sources */,
				C73CD2E3283B7E0C00FC0BD8 /* Header.swift in Sources */,
				C7492ECE28539E1D004501D0 /* SidePlayListView.swift in Sources */,
				C7B826E92842517900222DF8 /* PlayCore.swift in Sources */,
				C7492ECA2853586C004501D0 /* ImageLoader.swift in Sources */,
				C72BFF522843292E00974067 /* channel.swift in Sources */,
				C7727DEE2854832000ECB495 /* SidePlayListVM.swift in Sources */,
				C7727DF22854D6BF00ECB495 /* Preferences.swift in Sources */,
				C74545B0283930D6001A638D /* HomeView.swift in Sources */,
				C7727E1028562DCA00ECB495 /* Link.swift in Sources */,
				C745459928392F39001A638D /* iMusicApp.swift in Sources */,
				C73CD2DE283B333200FC0BD8 /* wyapi.swift in Sources */,
				C72BFF4F284284A600974067 /* CodableObjects.swift in Sources */,
				C7727E152856CFA000ECB495 /* SearchVM.swift in Sources */,
				C7D1C6E92843B7EB00A0C01C /* PlayListView.swift in Sources */,
				C740D76B2840DD4300B03264 /* SideNav.swift in Sources */,
				C740D76E2841286D00B03264 /* ControlBarView.swift in Sources */,
				C7D1C6CF28432E1800A0C01C /* ModelData.swift in Sources */,
				C7727E052855D0E900ECB495 /* Settings.swift in Sources */,
				C72719D128489EB400A08A88 /* Base.swift in Sources */,
				C7727E072855D15600ECB495 /* Commands.swift in Sources */,
				C7727DF02854C0AD00ECB495 /* View.swift in Sources */,
				C73CD2D9283A780300FC0BD8 /* RankVM.swift in Sources */,
				C7D1C6EE2843D11D00A0C01C /* Sequence.swift in Sources */,
				C74545B32839E1E1001A638D /* Color.swift in Sources */,
			);
			runOnlyForDeploymentPostprocessing = 0;
		};
		C7727DF628559FF500ECB495 /* Sources */ = {
			isa = PBXSourcesBuildPhase;
			buildActionMask = 2147483647;
			files = (
				C7727DFD28559FF500ECB495 /* GoTests.swift in Sources */,
			);
			runOnlyForDeploymentPostprocessing = 0;
		};
/* End PBXSourcesBuildPhase section */

/* Begin PBXTargetDependency section */
		C7727DFF28559FF500ECB495 /* PBXTargetDependency */ = {
			isa = PBXTargetDependency;
			target = C745459428392F39001A638D /* iMusic */;
			targetProxy = C7727DFE28559FF500ECB495 /* PBXContainerItemProxy */;
		};
/* End PBXTargetDependency section */

/* Begin XCBuildConfiguration section */
		C74545A728392F3D001A638D /* Debug */ = {
			isa = XCBuildConfiguration;
			buildSettings = {
				ALWAYS_SEARCH_USER_PATHS = NO;
				CLANG_ANALYZER_NONNULL = YES;
				CLANG_ANALYZER_NUMBER_OBJECT_CONVERSION = YES_AGGRESSIVE;
				CLANG_CXX_LANGUAGE_STANDARD = "gnu++17";
				CLANG_ENABLE_MODULES = YES;
				CLANG_ENABLE_OBJC_ARC = YES;
				CLANG_ENABLE_OBJC_WEAK = YES;
				CLANG_WARN_BLOCK_CAPTURE_AUTORELEASING = YES;
				CLANG_WARN_BOOL_CONVERSION = YES;
				CLANG_WARN_COMMA = YES;
				CLANG_WARN_CONSTANT_CONVERSION = YES;
				CLANG_WARN_DEPRECATED_OBJC_IMPLEMENTATIONS = YES;
				CLANG_WARN_DIRECT_OBJC_ISA_USAGE = YES_ERROR;
				CLANG_WARN_DOCUMENTATION_COMMENTS = YES;
				CLANG_WARN_EMPTY_BODY = YES;
				CLANG_WARN_ENUM_CONVERSION = YES;
				CLANG_WARN_INFINITE_RECURSION = YES;
				CLANG_WARN_INT_CONVERSION = YES;
				CLANG_WARN_NON_LITERAL_NULL_CONVERSION = YES;
				CLANG_WARN_OBJC_IMPLICIT_RETAIN_SELF = YES;
				CLANG_WARN_OBJC_LITERAL_CONVERSION = YES;
				CLANG_WARN_OBJC_ROOT_CLASS = YES_ERROR;
				CLANG_WARN_QUOTED_INCLUDE_IN_FRAMEWORK_HEADER = YES;
				CLANG_WARN_RANGE_LOOP_ANALYSIS = YES;
				CLANG_WARN_STRICT_PROTOTYPES = YES;
				CLANG_WARN_SUSPICIOUS_MOVE = YES;
				CLANG_WARN_UNGUARDED_AVAILABILITY = YES_AGGRESSIVE;
				CLANG_WARN_UNREACHABLE_CODE = YES;
				CLANG_WARN__DUPLICATE_METHOD_MATCH = YES;
				COPY_PHASE_STRIP = NO;
				DEBUG_INFORMATION_FORMAT = dwarf;
				ENABLE_STRICT_OBJC_MSGSEND = YES;
				ENABLE_TESTABILITY = YES;
				GCC_C_LANGUAGE_STANDARD = gnu11;
				GCC_DYNAMIC_NO_PIC = NO;
				GCC_NO_COMMON_BLOCKS = YES;
				GCC_OPTIMIZATION_LEVEL = 0;
				GCC_PREPROCESSOR_DEFINITIONS = (
					"DEBUG=1",
					"$(inherited)",
				);
				GCC_WARN_64_TO_32_BIT_CONVERSION = YES;
				GCC_WARN_ABOUT_RETURN_TYPE = YES_ERROR;
				GCC_WARN_UNDECLARED_SELECTOR = YES;
				GCC_WARN_UNINITIALIZED_AUTOS = YES_AGGRESSIVE;
				GCC_WARN_UNUSED_FUNCTION = YES;
				GCC_WARN_UNUSED_VARIABLE = YES;
				MACOSX_DEPLOYMENT_TARGET = 12.3;
				MTL_ENABLE_DEBUG_INFO = INCLUDE_SOURCE;
				MTL_FAST_MATH = YES;
				ONLY_ACTIVE_ARCH = YES;
				SDKROOT = macosx;
				SWIFT_ACTIVE_COMPILATION_CONDITIONS = DEBUG;
				SWIFT_OPTIMIZATION_LEVEL = "-Onone";
			};
			name = Debug;
		};
		C74545A828392F3D001A638D /* Release */ = {
			isa = XCBuildConfiguration;
			buildSettings = {
				ALWAYS_SEARCH_USER_PATHS = NO;
				CLANG_ANALYZER_NONNULL = YES;
				CLANG_ANALYZER_NUMBER_OBJECT_CONVERSION = YES_AGGRESSIVE;
				CLANG_CXX_LANGUAGE_STANDARD = "gnu++17";
				CLANG_ENABLE_MODULES = YES;
				CLANG_ENABLE_OBJC_ARC = YES;
				CLANG_ENABLE_OBJC_WEAK = YES;
				CLANG_WARN_BLOCK_CAPTURE_AUTORELEASING = YES;
				CLANG_WARN_BOOL_CONVERSION = YES;
				CLANG_WARN_COMMA = YES;
				CLANG_WARN_CONSTANT_CONVERSION = YES;
				CLANG_WARN_DEPRECATED_OBJC_IMPLEMENTATIONS = YES;
				CLANG_WARN_DIRECT_OBJC_ISA_USAGE = YES_ERROR;
				CLANG_WARN_DOCUMENTATION_COMMENTS = YES;
				CLANG_WARN_EMPTY_BODY = YES;
				CLANG_WARN_ENUM_CONVERSION = YES;
				CLANG_WARN_INFINITE_RECURSION = YES;
				CLANG_WARN_INT_CONVERSION = YES;
				CLANG_WARN_NON_LITERAL_NULL_CONVERSION = YES;
				CLANG_WARN_OBJC_IMPLICIT_RETAIN_SELF = YES;
				CLANG_WARN_OBJC_LITERAL_CONVERSION = YES;
				CLANG_WARN_OBJC_ROOT_CLASS = YES_ERROR;
				CLANG_WARN_QUOTED_INCLUDE_IN_FRAMEWORK_HEADER = YES;
				CLANG_WARN_RANGE_LOOP_ANALYSIS = YES;
				CLANG_WARN_STRICT_PROTOTYPES = YES;
				CLANG_WARN_SUSPICIOUS_MOVE = YES;
				CLANG_WARN_UNGUARDED_AVAILABILITY = YES_AGGRESSIVE;
				CLANG_WARN_UNREACHABLE_CODE = YES;
				CLANG_WARN__DUPLICATE_METHOD_MATCH = YES;
				COPY_PHASE_STRIP = NO;
				DEBUG_INFORMATION_FORMAT = "dwarf-with-dsym";
				ENABLE_NS_ASSERTIONS = NO;
				ENABLE_STRICT_OBJC_MSGSEND = YES;
				GCC_C_LANGUAGE_STANDARD = gnu11;
				GCC_NO_COMMON_BLOCKS = YES;
				GCC_WARN_64_TO_32_BIT_CONVERSION = YES;
				GCC_WARN_ABOUT_RETURN_TYPE = YES_ERROR;
				GCC_WARN_UNDECLARED_SELECTOR = YES;
				GCC_WARN_UNINITIALIZED_AUTOS = YES_AGGRESSIVE;
				GCC_WARN_UNUSED_FUNCTION = YES;
				GCC_WARN_UNUSED_VARIABLE = YES;
				MACOSX_DEPLOYMENT_TARGET = 12.3;
				MTL_ENABLE_DEBUG_INFO = NO;
				MTL_FAST_MATH = YES;
				ONLY_ACTIVE_ARCH = YES;
				SDKROOT = macosx;
				SWIFT_COMPILATION_MODE = wholemodule;
				SWIFT_OPTIMIZATION_LEVEL = "-O";
			};
			name = Release;
		};
		C74545AA28392F3D001A638D /* Debug */ = {
			isa = XCBuildConfiguration;
			buildSettings = {
				ASSETCATALOG_COMPILER_APPICON_NAME = AppIcon;
				ASSETCATALOG_COMPILER_GLOBAL_ACCENT_COLOR_NAME = AccentColor;
				ASSETCATALOG_COMPILER_INCLUDE_ALL_APPICON_ASSETS = YES;
				App = "";
				CODE_SIGN_ENTITLEMENTS = iMusic/iMusic.entitlements;
				CODE_SIGN_STYLE = Automatic;
				COMBINE_HIDPI_IMAGES = YES;
				CURRENT_PROJECT_VERSION = 1;
				DEVELOPMENT_ASSET_PATHS = "\"iMusic/Preview Content\"";
				ENABLE_PREVIEWS = YES;
				GENERATE_INFOPLIST_FILE = YES;
				INFOPLIST_FILE = iMusic/Info.plist;
				INFOPLIST_KEY_LSApplicationCategoryType = "public.app-category.music";
				INFOPLIST_KEY_NSHumanReadableCopyright = "";
				LD_RUNPATH_SEARCH_PATHS = (
					"$(inherited)",
					"@executable_path/../Frameworks",
				);
				MARKETING_VERSION = 1.0;
				PRODUCT_BUNDLE_IDENTIFIER = ishenli.iMusic;
				PRODUCT_NAME = "$(TARGET_NAME)";
				SWIFT_EMIT_LOC_STRINGS = YES;
				SWIFT_VERSION = 5.0;
			};
			name = Debug;
		};
		C74545AB28392F3D001A638D /* Release */ = {
			isa = XCBuildConfiguration;
			buildSettings = {
				ASSETCATALOG_COMPILER_APPICON_NAME = AppIcon;
				ASSETCATALOG_COMPILER_GLOBAL_ACCENT_COLOR_NAME = AccentColor;
				ASSETCATALOG_COMPILER_INCLUDE_ALL_APPICON_ASSETS = YES;
				App = "";
				CODE_SIGN_ENTITLEMENTS = iMusic/iMusic.entitlements;
				CODE_SIGN_STYLE = Automatic;
				COMBINE_HIDPI_IMAGES = YES;
				CURRENT_PROJECT_VERSION = 1;
				DEVELOPMENT_ASSET_PATHS = "\"iMusic/Preview Content\"";
				ENABLE_PREVIEWS = YES;
				GENERATE_INFOPLIST_FILE = YES;
				INFOPLIST_FILE = iMusic/Info.plist;
				INFOPLIST_KEY_LSApplicationCategoryType = "public.app-category.music";
				INFOPLIST_KEY_NSHumanReadableCopyright = "";
				LD_RUNPATH_SEARCH_PATHS = (
					"$(inherited)",
					"@executable_path/../Frameworks",
				);
				MARKETING_VERSION = 1.0;
				ONLY_ACTIVE_ARCH = NO;
				PRODUCT_BUNDLE_IDENTIFIER = ishenli.iMusic;
				PRODUCT_NAME = "$(TARGET_NAME)";
				SWIFT_EMIT_LOC_STRINGS = YES;
				SWIFT_VERSION = 5.0;
			};
			name = Release;
		};
		C7727E0128559FF500ECB495 /* Debug */ = {
			isa = XCBuildConfiguration;
			buildSettings = {
				BUNDLE_LOADER = "$(TEST_HOST)";
				CODE_SIGN_STYLE = Automatic;
				CURRENT_PROJECT_VERSION = 1;
				GENERATE_INFOPLIST_FILE = YES;
				MARKETING_VERSION = 1.0;
				PRODUCT_BUNDLE_IDENTIFIER = ishenli.GoTests;
				PRODUCT_NAME = "$(TARGET_NAME)";
				SWIFT_EMIT_LOC_STRINGS = NO;
				SWIFT_VERSION = 5.0;
				TEST_HOST = "$(BUILT_PRODUCTS_DIR)/iMusic.app/Contents/MacOS/iMusic";
			};
			name = Debug;
		};
		C7727E0228559FF500ECB495 /* Release */ = {
			isa = XCBuildConfiguration;
			buildSettings = {
				BUNDLE_LOADER = "$(TEST_HOST)";
				CODE_SIGN_STYLE = Automatic;
				CURRENT_PROJECT_VERSION = 1;
				GENERATE_INFOPLIST_FILE = YES;
				MARKETING_VERSION = 1.0;
				PRODUCT_BUNDLE_IDENTIFIER = ishenli.GoTests;
				PRODUCT_NAME = "$(TARGET_NAME)";
				SWIFT_EMIT_LOC_STRINGS = NO;
				SWIFT_VERSION = 5.0;
				TEST_HOST = "$(BUILT_PRODUCTS_DIR)/iMusic.app/Contents/MacOS/iMusic";
			};
			name = Release;
		};
/* End XCBuildConfiguration section */

/* Begin XCConfigurationList section */
		C745459028392F39001A638D /* Build configuration list for PBXProject "iMusic" */ = {
			isa = XCConfigurationList;
			buildConfigurations = (
				C74545A728392F3D001A638D /* Debug */,
				C74545A828392F3D001A638D /* Release */,
			);
			defaultConfigurationIsVisible = 0;
			defaultConfigurationName = Release;
		};
		C74545A928392F3D001A638D /* Build configuration list for PBXNativeTarget "iMusic" */ = {
			isa = XCConfigurationList;
			buildConfigurations = (
				C74545AA28392F3D001A638D /* Debug */,
				C74545AB28392F3D001A638D /* Release */,
			);
			defaultConfigurationIsVisible = 0;
			defaultConfigurationName = Release;
		};
		C7727E0028559FF500ECB495 /* Build configuration list for PBXNativeTarget "GoTests" */ = {
			isa = XCConfigurationList;
			buildConfigurations = (
				C7727E0128559FF500ECB495 /* Debug */,
				C7727E0228559FF500ECB495 /* Release */,
			);
			defaultConfigurationIsVisible = 0;
			defaultConfigurationName = Release;
		};
/* End XCConfigurationList section */

/* Begin XCRemoteSwiftPackageReference section */
		C72BFF4928426D0300974067 /* XCRemoteSwiftPackageReference "PromiseKit" */ = {
			isa = XCRemoteSwiftPackageReference;
			repositoryURL = "https://github.com/mxcl/PromiseKit";
			requirement = {
				kind = upToNextMajorVersion;
				minimumVersion = 6.0.0;
			};
		};
		C73CD2D5283A773C00FC0BD8 /* XCRemoteSwiftPackageReference "Alamofire" */ = {
			isa = XCRemoteSwiftPackageReference;
			repositoryURL = "https://github.com/Alamofire/Alamofire";
			requirement = {
				kind = upToNextMajorVersion;
				minimumVersion = 5.0.0;
			};
		};
		C7492EC628531EAD004501D0 /* XCRemoteSwiftPackageReference "SDWebImage" */ = {
			isa = XCRemoteSwiftPackageReference;
			repositoryURL = "https://github.com/SDWebImage/SDWebImage";
			requirement = {
				kind = upToNextMajorVersion;
				minimumVersion = 5.0.0;
			};
		};
		C7727DEA28544DF700ECB495 /* XCRemoteSwiftPackageReference "SwiftTabler" */ = {
			isa = XCRemoteSwiftPackageReference;
			repositoryURL = "https://github.com/openalloc/SwiftTabler";
			requirement = {
				kind = upToNextMajorVersion;
				minimumVersion = 0.9.6;
			};
		};
		C7D0B598284F23E40040DFB7 /* XCRemoteSwiftPackageReference "StackNavigationView" */ = {
			isa = XCRemoteSwiftPackageReference;
			repositoryURL = "https://github.com/lbrndnr/StackNavigationView";
			requirement = {
				branch = master;
				kind = branch;
			};
		};
		C7D0B5AF2850D7BE0040DFB7 /* XCRemoteSwiftPackageReference "GSPlayer" */ = {
			isa = XCRemoteSwiftPackageReference;
			repositoryURL = "https://github.com/wxxsw/GSPlayer";
			requirement = {
				branch = master;
				kind = branch;
			};
		};
		C7D1C6C528432A3200A0C01C /* XCRemoteSwiftPackageReference "CocoaLumberjack" */ = {
			isa = XCRemoteSwiftPackageReference;
			repositoryURL = "https://github.com/CocoaLumberjack/CocoaLumberjack";
			requirement = {
				kind = upToNextMajorVersion;
				minimumVersion = 3.0.0;
			};
		};
		C7D1C6DD284373B800A0C01C /* XCRemoteSwiftPackageReference "CryptoSwift" */ = {
			isa = XCRemoteSwiftPackageReference;
			repositoryURL = "https://github.com/krzyzanowskim/CryptoSwift";
			requirement = {
				kind = upToNextMajorVersion;
				minimumVersion = 1.0.0;
			};
		};
		C7D1C6E0284374B100A0C01C /* XCRemoteSwiftPackageReference "Sparkle" */ = {
			isa = XCRemoteSwiftPackageReference;
			repositoryURL = "https://github.com/sparkle-project/Sparkle";
			requirement = {
				kind = upToNextMajorVersion;
				minimumVersion = 2.0.0;
			};
		};
/* End XCRemoteSwiftPackageReference section */

/* Begin XCSwiftPackageProductDependency section */
		C72BFF4A28426D0300974067 /* PromiseKit */ = {
			isa = XCSwiftPackageProductDependency;
			package = C72BFF4928426D0300974067 /* XCRemoteSwiftPackageReference "PromiseKit" */;
			productName = PromiseKit;
		};
		C73CD2D6283A773C00FC0BD8 /* Alamofire */ = {
			isa = XCSwiftPackageProductDependency;
			package = C73CD2D5283A773C00FC0BD8 /* XCRemoteSwiftPackageReference "Alamofire" */;
			productName = Alamofire;
		};
		C7492EC728531EAD004501D0 /* SDWebImage */ = {
			isa = XCSwiftPackageProductDependency;
			package = C7492EC628531EAD004501D0 /* XCRemoteSwiftPackageReference "SDWebImage" */;
			productName = SDWebImage;
		};
		C7727DEB28544DF700ECB495 /* Tabler */ = {
			isa = XCSwiftPackageProductDependency;
			package = C7727DEA28544DF700ECB495 /* XCRemoteSwiftPackageReference "SwiftTabler" */;
			productName = Tabler;
		};
		C7D0B599284F23E40040DFB7 /* StackNavigationView */ = {
			isa = XCSwiftPackageProductDependency;
			package = C7D0B598284F23E40040DFB7 /* XCRemoteSwiftPackageReference "StackNavigationView" */;
			productName = StackNavigationView;
		};
		C7D0B5B02850D7BE0040DFB7 /* GSPlayer */ = {
			isa = XCSwiftPackageProductDependency;
			package = C7D0B5AF2850D7BE0040DFB7 /* XCRemoteSwiftPackageReference "GSPlayer" */;
			productName = GSPlayer;
		};
		C7D1C6C628432A3200A0C01C /* CocoaLumberjack */ = {
			isa = XCSwiftPackageProductDependency;
			package = C7D1C6C528432A3200A0C01C /* XCRemoteSwiftPackageReference "CocoaLumberjack" */;
			productName = CocoaLumberjack;
		};
		C7D1C6C828432A3200A0C01C /* CocoaLumberjackSwift */ = {
			isa = XCSwiftPackageProductDependency;
			package = C7D1C6C528432A3200A0C01C /* XCRemoteSwiftPackageReference "CocoaLumberjack" */;
			productName = CocoaLumberjackSwift;
		};
		C7D1C6DE284373B800A0C01C /* CryptoSwift */ = {
			isa = XCSwiftPackageProductDependency;
			package = C7D1C6DD284373B800A0C01C /* XCRemoteSwiftPackageReference "CryptoSwift" */;
			productName = CryptoSwift;
		};
		C7D1C6E1284374B100A0C01C /* Sparkle */ = {
			isa = XCSwiftPackageProductDependency;
			package = C7D1C6E0284374B100A0C01C /* XCRemoteSwiftPackageReference "Sparkle" */;
			productName = Sparkle;
		};
/* End XCSwiftPackageProductDependency section */

/* Begin XCVersionGroup section */
		C74545A328392F3D001A638D /* iMusic.xcdatamodeld */ = {
			isa = XCVersionGroup;
			children = (
				C74545A428392F3D001A638D /* iMusic.xcdatamodel */,
			);
			currentVersion = C74545A428392F3D001A638D /* iMusic.xcdatamodel */;
			path = iMusic.xcdatamodeld;
			sourceTree = "<group>";
			versionGroupType = wrapper.xcdatamodel;
		};
/* End XCVersionGroup section */
	};
	rootObject = C745458D28392F39001A638D /* Project object */;
}
